Microsoft Visual Studio Solution File, Format Version 12.00
# Visual Studio Version 17
VisualStudioVersion = 17.5.2.0
MinimumVisualStudioVersion = 10.0.40219.1
Project("{2150E333-8FDC-42A3-9474-1A3956D46DE8}") = "api-net", "api-net", "{8F22A6AA-DD31-FD7C-35E9-579998C1BA2A}"
EndProject
Project("{FAE04EC0-301F-11D3-BF4B-00C04F79EFBC}") = "Liftonom.Api", "api-net\Liftonom.Api.csproj", "{E293573A-F6EE-BA80-84D2-B9E0A4C2C577}"
EndProject
Global
	GlobalSection(SolutionConfigurationPlatforms) = preSolution
		Debug|Any CPU = Debug|Any CPU
		Release|Any CPU = Release|Any CPU
	EndGlobalSection
	GlobalSection(ProjectConfigurationPlatforms) = postSolution
		{E293573A-F6EE-BA80-84D2-B9E0A4C2C577}.Debug|Any CPU.ActiveCfg = Debug|Any CPU
		{E293573A-F6EE-BA80-84D2-B9E0A4C2C577}.Debug|Any CPU.Build.0 = Debug|Any CPU
		{E293573A-F6EE-BA80-84D2-B9E0A4C2C577}.Release|Any CPU.ActiveCfg = Release|Any CPU
		{E293573A-F6EE-BA80-84D2-B9E0A4C2C577}.Release|Any CPU.Build.0 = Release|Any CPU
	EndGlobalSection
	GlobalSection(SolutionProperties) = preSolution
		HideSolutionNode = FALSE
	EndGlobalSection
	GlobalSection(NestedProjects) = preSolution
		{E293573A-F6EE-BA80-84D2-B9E0A4C2C577} = {8F22A6AA-DD31-FD7C-35E9-579998C1BA2A}
	EndGlobalSection
	GlobalSection(ExtensibilityGlobals) = postSolution
		SolutionGuid = {D7FB0C9F-0660-4505-AFD9-E0536A75E3C3}
	EndGlobalSection
EndGlobal
